// !$*UTF8*$!
{
	archiveVersion = 1;
	classes = {
	};
	objectVersion = 50;
	objects = {

/* Begin PBXBuildFile section */
		1D5ED11ED4C4AA86453AB757 /* Pods_Data4Help.framework in Frameworks */ = {isa = PBXBuildFile; fileRef = 6698D8B24F51E95CD50F02E1 /* Pods_Data4Help.framework */; };
		28121FCE21B5A1FD00AF6CCE /* D4HSingleRegisterRequest.swift in Sources */ = {isa = PBXBuildFile; fileRef = 28121FCD21B5A1FD00AF6CCE /* D4HSingleRegisterRequest.swift */; };
		28121FD021B5A41600AF6CCE /* D4HRegisterSingleResponse.swift in Sources */ = {isa = PBXBuildFile; fileRef = 28121FCF21B5A41600AF6CCE /* D4HRegisterSingleResponse.swift */; };
		283B263521B98D9E00C939A9 /* D4HThirdPartyRegistrationRequest.swift in Sources */ = {isa = PBXBuildFile; fileRef = 283B263421B98D9E00C939A9 /* D4HThirdPartyRegistrationRequest.swift */; };
		283B263721B98F6500C939A9 /* D4HRegisterThirdPartyResponse.swift in Sources */ = {isa = PBXBuildFile; fileRef = 283B263621B98F6500C939A9 /* D4HRegisterThirdPartyResponse.swift */; };
		28B67D0421C10E0500FCA356 /* D4HLogoutRequest.swift in Sources */ = {isa = PBXBuildFile; fileRef = 28B67D0321C10E0500FCA356 /* D4HLogoutRequest.swift */; };
		28D938B821C3C3AB00DC7785 /* D4HLogoutResponse.swift in Sources */ = {isa = PBXBuildFile; fileRef = 28D938B721C3C3AB00DC7785 /* D4HLogoutResponse.swift */; };
		28D938BA21C3F79C00DC7785 /* D4HThirdPartySettingsRequest.swift in Sources */ = {isa = PBXBuildFile; fileRef = 28D938B921C3F79C00DC7785 /* D4HThirdPartySettingsRequest.swift */; };
		28D938BC21C40BAC00DC7785 /* D4HSingleUserSettingsRequest.swift in Sources */ = {isa = PBXBuildFile; fileRef = 28D938BB21C40BAC00DC7785 /* D4HSingleUserSettingsRequest.swift */; };
		28E0143D21C56716004FA60F /* D4HSingleListRequest.swift in Sources */ = {isa = PBXBuildFile; fileRef = 28E0143C21C56716004FA60F /* D4HSingleListRequest.swift */; };
		28E0143F21C567EC004FA60F /* D4HThirdPartyListRequest.swift in Sources */ = {isa = PBXBuildFile; fileRef = 28E0143E21C567EC004FA60F /* D4HThirdPartyListRequest.swift */; };
		28E0144121C56865004FA60F /* D4HSingleRequest.swift in Sources */ = {isa = PBXBuildFile; fileRef = 28E0144021C56865004FA60F /* D4HSingleRequest.swift */; };
		28E0144321C569BB004FA60F /* D4HGroupRequest.swift in Sources */ = {isa = PBXBuildFile; fileRef = 28E0144221C569BB004FA60F /* D4HGroupRequest.swift */; };
		28E0144521C56B20004FA60F /* D4HDownloadSingleRequest.swift in Sources */ = {isa = PBXBuildFile; fileRef = 28E0144421C56B20004FA60F /* D4HDownloadSingleRequest.swift */; };
		28E0144721C56C24004FA60F /* D4HDownloadGroupRequest.swift in Sources */ = {isa = PBXBuildFile; fileRef = 28E0144621C56C24004FA60F /* D4HDownloadGroupRequest.swift */; };
		28E0144921C65B84004FA60F /* D4HChoiceRequest.swift in Sources */ = {isa = PBXBuildFile; fileRef = 28E0144821C65B84004FA60F /* D4HChoiceRequest.swift */; };
		28E0144B21C65C51004FA60F /* D4HStatisticsRequest.swift in Sources */ = {isa = PBXBuildFile; fileRef = 28E0144A21C65C51004FA60F /* D4HStatisticsRequest.swift */; };
		28E0145121C65D5B004FA60F /* D4HSingleListResponse.swift in Sources */ = {isa = PBXBuildFile; fileRef = 28E0145021C65D5B004FA60F /* D4HSingleListResponse.swift */; };
		28E0145321C6620D004FA60F /* SUSingleRequest.swift in Sources */ = {isa = PBXBuildFile; fileRef = 28E0145221C6620D004FA60F /* SUSingleRequest.swift */; };
		28E0145521C665B4004FA60F /* D4HThirdPartyListResponse.swift in Sources */ = {isa = PBXBuildFile; fileRef = 28E0145421C665B4004FA60F /* D4HThirdPartyListResponse.swift */; };
		28E0145721C66756004FA60F /* TPGroupRequest.swift in Sources */ = {isa = PBXBuildFile; fileRef = 28E0145621C66756004FA60F /* TPGroupRequest.swift */; };
		28E0145921C667EA004FA60F /* D4HHealthParameter.swift in Sources */ = {isa = PBXBuildFile; fileRef = 28E0145821C667EA004FA60F /* D4HHealthParameter.swift */; };
		28E0145B21C66ACB004FA60F /* TPSingleRequest.swift in Sources */ = {isa = PBXBuildFile; fileRef = 28E0145A21C66ACB004FA60F /* TPSingleRequest.swift */; };
		28E0145E21C8487C004FA60F /* D4HSingleUserInfoRequest.swift in Sources */ = {isa = PBXBuildFile; fileRef = 28E0145D21C8487C004FA60F /* D4HSingleUserInfoRequest.swift */; };
		28E0146021C848F7004FA60F /* D4HThirdPartyInfoRequest.swift in Sources */ = {isa = PBXBuildFile; fileRef = 28E0145F21C848F7004FA60F /* D4HThirdPartyInfoRequest.swift */; };
		28E0146221C84968004FA60F /* D4HSingleUserInfoResponse.swift in Sources */ = {isa = PBXBuildFile; fileRef = 28E0146121C84968004FA60F /* D4HSingleUserInfoResponse.swift */; };
		28E0146421C84A5F004FA60F /* D4HThirdPartyInfoResponse.swift in Sources */ = {isa = PBXBuildFile; fileRef = 28E0146321C84A5F004FA60F /* D4HThirdPartyInfoResponse.swift */; };
		28E5568F21ADE9890009D972 /* NetworkManager.swift in Sources */ = {isa = PBXBuildFile; fileRef = 28E5568E21ADE9890009D972 /* NetworkManager.swift */; };
		28E5569221ADF3AB0009D972 /* D4HRequest.swift in Sources */ = {isa = PBXBuildFile; fileRef = 28E5569121ADF3AB0009D972 /* D4HRequest.swift */; };
		28E5569621ADF5480009D972 /* D4HLoginRequest.swift in Sources */ = {isa = PBXBuildFile; fileRef = 28E5569521ADF5480009D972 /* D4HLoginRequest.swift */; };
		28E5569821ADF55A0009D972 /* D4HLoginResponse.swift in Sources */ = {isa = PBXBuildFile; fileRef = 28E5569721ADF55A0009D972 /* D4HLoginResponse.swift */; };
		28E5569A21ADF5C60009D972 /* D4HEncodingType.swift in Sources */ = {isa = PBXBuildFile; fileRef = 28E5569921ADF5C60009D972 /* D4HEncodingType.swift */; };
		28E5569D21ADF8870009D972 /* D4HEndpoint.swift in Sources */ = {isa = PBXBuildFile; fileRef = 28E5569C21ADF8870009D972 /* D4HEndpoint.swift */; };
		28FF1AA821C3B1E300456B4F /* Properties.swift in Sources */ = {isa = PBXBuildFile; fileRef = 28FF1AA721C3B1E300456B4F /* Properties.swift */; };
		CB17279A21B1543500AC9D36 /* SURegisterViewController.swift in Sources */ = {isa = PBXBuildFile; fileRef = CB17279921B1543500AC9D36 /* SURegisterViewController.swift */; };
		CB17279C21B1545300AC9D36 /* TPRegisterViewController.swift in Sources */ = {isa = PBXBuildFile; fileRef = CB17279B21B1545300AC9D36 /* TPRegisterViewController.swift */; };
		CB17279E21B1D5C800AC9D36 /* TutorialViewController.swift in Sources */ = {isa = PBXBuildFile; fileRef = CB17279D21B1D5C800AC9D36 /* TutorialViewController.swift */; };
		CB1727A021B1DCAA00AC9D36 /* ThirdParty.storyboard in Resources */ = {isa = PBXBuildFile; fileRef = CB17279F21B1DCAA00AC9D36 /* ThirdParty.storyboard */; };
		CB1727A221B1DCD100AC9D36 /* SingleUser.storyboard in Resources */ = {isa = PBXBuildFile; fileRef = CB1727A121B1DCD100AC9D36 /* SingleUser.storyboard */; };
		CB1727A821B3347B00AC9D36 /* ResearchViewController.swift in Sources */ = {isa = PBXBuildFile; fileRef = CB1727A721B3347B00AC9D36 /* ResearchViewController.swift */; };
		CB1727AC21B3C89B00AC9D36 /* SRequest.swift in Sources */ = {isa = PBXBuildFile; fileRef = CB1727AB21B3C89B00AC9D36 /* SRequest.swift */; };
		CB1727AE21B3C8B000AC9D36 /* GRequest.swift in Sources */ = {isa = PBXBuildFile; fileRef = CB1727AD21B3C8B000AC9D36 /* GRequest.swift */; };
		CB1727B021B3E2CD00AC9D36 /* SUViewSettings.swift in Sources */ = {isa = PBXBuildFile; fileRef = CB1727AF21B3E2CD00AC9D36 /* SUViewSettings.swift */; };
		CB1727B221B3E2DF00AC9D36 /* SUEditSettings.swift in Sources */ = {isa = PBXBuildFile; fileRef = CB1727B121B3E2DF00AC9D36 /* SUEditSettings.swift */; };
		CB1727B421B3E2EF00AC9D36 /* SUSettings.swift in Sources */ = {isa = PBXBuildFile; fileRef = CB1727B321B3E2EF00AC9D36 /* SUSettings.swift */; };
		CB1727B621B3EB8200AC9D36 /* TPSettings.swift in Sources */ = {isa = PBXBuildFile; fileRef = CB1727B521B3EB8200AC9D36 /* TPSettings.swift */; };
		CB1727B821B3EB9600AC9D36 /* TPViewSettings.swift in Sources */ = {isa = PBXBuildFile; fileRef = CB1727B721B3EB9600AC9D36 /* TPViewSettings.swift */; };
		CB1727BA21B3EBA700AC9D36 /* TPEditSettings.swift in Sources */ = {isa = PBXBuildFile; fileRef = CB1727B921B3EBA700AC9D36 /* TPEditSettings.swift */; };
		CB1727BE21B4496800AC9D36 /* MyHealth.swift in Sources */ = {isa = PBXBuildFile; fileRef = CB1727BD21B4496800AC9D36 /* MyHealth.swift */; };
		CB18F00921B6F76500BBFAAD /* StorageManager.swift in Sources */ = {isa = PBXBuildFile; fileRef = CB18F00821B6F76500BBFAAD /* StorageManager.swift */; };
		CB80991F21C52821001E2EB8 /* RequestsController.swift in Sources */ = {isa = PBXBuildFile; fileRef = CB80991E21C52821001E2EB8 /* RequestsController.swift */; };
		CB80992121C52837001E2EB8 /* MyCell.swift in Sources */ = {isa = PBXBuildFile; fileRef = CB80992021C52837001E2EB8 /* MyCell.swift */; };
		CB80992721C5A5E6001E2EB8 /* TPRequestCell.swift in Sources */ = {isa = PBXBuildFile; fileRef = CB80992621C5A5E6001E2EB8 /* TPRequestCell.swift */; };
		CB80992921C5A601001E2EB8 /* MyHistory.swift in Sources */ = {isa = PBXBuildFile; fileRef = CB80992821C5A601001E2EB8 /* MyHistory.swift */; };
		CB80992B21C5A647001E2EB8 /* TPRequestsController.swift in Sources */ = {isa = PBXBuildFile; fileRef = CB80992A21C5A647001E2EB8 /* TPRequestsController.swift */; };
		CB98264A21C103A600932CE6 /* D4HDataUploadRequest.swift in Sources */ = {isa = PBXBuildFile; fileRef = CB98264921C103A600932CE6 /* D4HDataUploadRequest.swift */; };
		CB98264C21C1048B00932CE6 /* dataType.swift in Sources */ = {isa = PBXBuildFile; fileRef = CB98264B21C1048B00932CE6 /* dataType.swift */; };
		CB98264F21C164ED00932CE6 /* Model.xcdatamodeld in Sources */ = {isa = PBXBuildFile; fileRef = CB98264D21C164EC00932CE6 /* Model.xcdatamodeld */; };
		CB98265121C1674A00932CE6 /* CoreData.framework in Frameworks */ = {isa = PBXBuildFile; fileRef = CB98265021C1674A00932CE6 /* CoreData.framework */; };
		CB98265721C28D9E00932CE6 /* MyFollowers.swift in Sources */ = {isa = PBXBuildFile; fileRef = CB98265621C28D9E00932CE6 /* MyFollowers.swift */; };
		CBADD0FB21AC197E00896705 /* AppDelegate.swift in Sources */ = {isa = PBXBuildFile; fileRef = CBADD0FA21AC197E00896705 /* AppDelegate.swift */; };
		CBADD0FD21AC197E00896705 /* LoginViewController.swift in Sources */ = {isa = PBXBuildFile; fileRef = CBADD0FC21AC197E00896705 /* LoginViewController.swift */; };
		CBADD10021AC197E00896705 /* Main.storyboard in Resources */ = {isa = PBXBuildFile; fileRef = CBADD0FE21AC197E00896705 /* Main.storyboard */; };
		CBADD10221AC197F00896705 /* Assets.xcassets in Resources */ = {isa = PBXBuildFile; fileRef = CBADD10121AC197F00896705 /* Assets.xcassets */; };
		CBADD10521AC197F00896705 /* LaunchScreen.storyboard in Resources */ = {isa = PBXBuildFile; fileRef = CBADD10321AC197F00896705 /* LaunchScreen.storyboard */; };
		CBADD11021AC197F00896705 /* Data4HelpTests.swift in Sources */ = {isa = PBXBuildFile; fileRef = CBADD10F21AC197F00896705 /* Data4HelpTests.swift */; };
		CBADD11B21AC197F00896705 /* Data4HelpUITests.swift in Sources */ = {isa = PBXBuildFile; fileRef = CBADD11A21AC197F00896705 /* Data4HelpUITests.swift */; };
		CBADD12B21AC64A100896705 /* HealthKit.framework in Frameworks */ = {isa = PBXBuildFile; fileRef = CBADD12A21AC64A100896705 /* HealthKit.framework */; };
		CBADD12D21AD7FFB00896705 /* DataManager.swift in Sources */ = {isa = PBXBuildFile; fileRef = CBADD12C21AD7FFB00896705 /* DataManager.swift */; };
		CBD7A89021B05E24004BB382 /* D4HResponse.swift in Sources */ = {isa = PBXBuildFile; fileRef = CBD7A88F21B05E24004BB382 /* D4HResponse.swift */; };
/* End PBXBuildFile section */

/* Begin PBXContainerItemProxy section */
		CBADD10C21AC197F00896705 /* PBXContainerItemProxy */ = {
			isa = PBXContainerItemProxy;
			containerPortal = CBADD0EF21AC197E00896705 /* Project object */;
			proxyType = 1;
			remoteGlobalIDString = CBADD0F621AC197E00896705;
			remoteInfo = Data4Help;
		};
		CBADD11721AC197F00896705 /* PBXContainerItemProxy */ = {
			isa = PBXContainerItemProxy;
			containerPortal = CBADD0EF21AC197E00896705 /* Project object */;
			proxyType = 1;
			remoteGlobalIDString = CBADD0F621AC197E00896705;
			remoteInfo = Data4Help;
		};
/* End PBXContainerItemProxy section */

/* Begin PBXFileReference section */
		28121FCD21B5A1FD00AF6CCE /* D4HSingleRegisterRequest.swift */ = {isa = PBXFileReference; lastKnownFileType = sourcecode.swift; path = D4HSingleRegisterRequest.swift; sourceTree = "<group>"; };
		28121FCF21B5A41600AF6CCE /* D4HRegisterSingleResponse.swift */ = {isa = PBXFileReference; lastKnownFileType = sourcecode.swift; path = D4HRegisterSingleResponse.swift; sourceTree = "<group>"; };
		283B263421B98D9E00C939A9 /* D4HThirdPartyRegistrationRequest.swift */ = {isa = PBXFileReference; lastKnownFileType = sourcecode.swift; path = D4HThirdPartyRegistrationRequest.swift; sourceTree = "<group>"; };
		283B263621B98F6500C939A9 /* D4HRegisterThirdPartyResponse.swift */ = {isa = PBXFileReference; lastKnownFileType = sourcecode.swift; path = D4HRegisterThirdPartyResponse.swift; sourceTree = "<group>"; };
		28B67D0321C10E0500FCA356 /* D4HLogoutRequest.swift */ = {isa = PBXFileReference; lastKnownFileType = sourcecode.swift; path = D4HLogoutRequest.swift; sourceTree = "<group>"; };
		28D938B721C3C3AB00DC7785 /* D4HLogoutResponse.swift */ = {isa = PBXFileReference; lastKnownFileType = sourcecode.swift; path = D4HLogoutResponse.swift; sourceTree = "<group>"; };
		28D938B921C3F79C00DC7785 /* D4HThirdPartySettingsRequest.swift */ = {isa = PBXFileReference; lastKnownFileType = sourcecode.swift; path = D4HThirdPartySettingsRequest.swift; sourceTree = "<group>"; };
		28D938BB21C40BAC00DC7785 /* D4HSingleUserSettingsRequest.swift */ = {isa = PBXFileReference; lastKnownFileType = sourcecode.swift; path = D4HSingleUserSettingsRequest.swift; sourceTree = "<group>"; };
		28E0143C21C56716004FA60F /* D4HSingleListRequest.swift */ = {isa = PBXFileReference; lastKnownFileType = sourcecode.swift; path = D4HSingleListRequest.swift; sourceTree = "<group>"; };
		28E0143E21C567EC004FA60F /* D4HThirdPartyListRequest.swift */ = {isa = PBXFileReference; lastKnownFileType = sourcecode.swift; path = D4HThirdPartyListRequest.swift; sourceTree = "<group>"; };
		28E0144021C56865004FA60F /* D4HSingleRequest.swift */ = {isa = PBXFileReference; lastKnownFileType = sourcecode.swift; path = D4HSingleRequest.swift; sourceTree = "<group>"; };
		28E0144221C569BB004FA60F /* D4HGroupRequest.swift */ = {isa = PBXFileReference; lastKnownFileType = sourcecode.swift; path = D4HGroupRequest.swift; sourceTree = "<group>"; };
		28E0144421C56B20004FA60F /* D4HDownloadSingleRequest.swift */ = {isa = PBXFileReference; lastKnownFileType = sourcecode.swift; path = D4HDownloadSingleRequest.swift; sourceTree = "<group>"; };
		28E0144621C56C24004FA60F /* D4HDownloadGroupRequest.swift */ = {isa = PBXFileReference; lastKnownFileType = sourcecode.swift; path = D4HDownloadGroupRequest.swift; sourceTree = "<group>"; };
		28E0144821C65B84004FA60F /* D4HChoiceRequest.swift */ = {isa = PBXFileReference; lastKnownFileType = sourcecode.swift; path = D4HChoiceRequest.swift; sourceTree = "<group>"; };
		28E0144A21C65C51004FA60F /* D4HStatisticsRequest.swift */ = {isa = PBXFileReference; lastKnownFileType = sourcecode.swift; path = D4HStatisticsRequest.swift; sourceTree = "<group>"; };
		28E0145021C65D5B004FA60F /* D4HSingleListResponse.swift */ = {isa = PBXFileReference; lastKnownFileType = sourcecode.swift; path = D4HSingleListResponse.swift; sourceTree = "<group>"; };
		28E0145221C6620D004FA60F /* SUSingleRequest.swift */ = {isa = PBXFileReference; lastKnownFileType = sourcecode.swift; path = SUSingleRequest.swift; sourceTree = "<group>"; };
		28E0145421C665B4004FA60F /* D4HThirdPartyListResponse.swift */ = {isa = PBXFileReference; lastKnownFileType = sourcecode.swift; path = D4HThirdPartyListResponse.swift; sourceTree = "<group>"; };
		28E0145621C66756004FA60F /* TPGroupRequest.swift */ = {isa = PBXFileReference; lastKnownFileType = sourcecode.swift; path = TPGroupRequest.swift; sourceTree = "<group>"; };
		28E0145821C667EA004FA60F /* D4HHealthParameter.swift */ = {isa = PBXFileReference; lastKnownFileType = sourcecode.swift; path = D4HHealthParameter.swift; sourceTree = "<group>"; };
		28E0145A21C66ACB004FA60F /* TPSingleRequest.swift */ = {isa = PBXFileReference; lastKnownFileType = sourcecode.swift; path = TPSingleRequest.swift; sourceTree = "<group>"; };
		28E0145D21C8487C004FA60F /* D4HSingleUserInfoRequest.swift */ = {isa = PBXFileReference; lastKnownFileType = sourcecode.swift; path = D4HSingleUserInfoRequest.swift; sourceTree = "<group>"; };
		28E0145F21C848F7004FA60F /* D4HThirdPartyInfoRequest.swift */ = {isa = PBXFileReference; lastKnownFileType = sourcecode.swift; path = D4HThirdPartyInfoRequest.swift; sourceTree = "<group>"; };
		28E0146121C84968004FA60F /* D4HSingleUserInfoResponse.swift */ = {isa = PBXFileReference; lastKnownFileType = sourcecode.swift; path = D4HSingleUserInfoResponse.swift; sourceTree = "<group>"; };
		28E0146321C84A5F004FA60F /* D4HThirdPartyInfoResponse.swift */ = {isa = PBXFileReference; lastKnownFileType = sourcecode.swift; path = D4HThirdPartyInfoResponse.swift; sourceTree = "<group>"; };
		28E5568E21ADE9890009D972 /* NetworkManager.swift */ = {isa = PBXFileReference; lastKnownFileType = sourcecode.swift; path = NetworkManager.swift; sourceTree = "<group>"; };
		28E5569121ADF3AB0009D972 /* D4HRequest.swift */ = {isa = PBXFileReference; lastKnownFileType = sourcecode.swift; path = D4HRequest.swift; sourceTree = "<group>"; };
		28E5569521ADF5480009D972 /* D4HLoginRequest.swift */ = {isa = PBXFileReference; lastKnownFileType = sourcecode.swift; path = D4HLoginRequest.swift; sourceTree = "<group>"; };
		28E5569721ADF55A0009D972 /* D4HLoginResponse.swift */ = {isa = PBXFileReference; lastKnownFileType = sourcecode.swift; path = D4HLoginResponse.swift; sourceTree = "<group>"; };
		28E5569921ADF5C60009D972 /* D4HEncodingType.swift */ = {isa = PBXFileReference; lastKnownFileType = sourcecode.swift; path = D4HEncodingType.swift; sourceTree = "<group>"; };
		28E5569C21ADF8870009D972 /* D4HEndpoint.swift */ = {isa = PBXFileReference; lastKnownFileType = sourcecode.swift; path = D4HEndpoint.swift; sourceTree = "<group>"; };
		28FF1AA721C3B1E300456B4F /* Properties.swift */ = {isa = PBXFileReference; lastKnownFileType = sourcecode.swift; path = Properties.swift; sourceTree = "<group>"; };
		6698D8B24F51E95CD50F02E1 /* Pods_Data4Help.framework */ = {isa = PBXFileReference; explicitFileType = wrapper.framework; includeInIndex = 0; path = Pods_Data4Help.framework; sourceTree = BUILT_PRODUCTS_DIR; };
		6DF053413FFA9AF08F79DE2C /* Pods-Data4Help.release.xcconfig */ = {isa = PBXFileReference; includeInIndex = 1; lastKnownFileType = text.xcconfig; name = "Pods-Data4Help.release.xcconfig"; path = "Pods/Target Support Files/Pods-Data4Help/Pods-Data4Help.release.xcconfig"; sourceTree = "<group>"; };
		CB17279921B1543500AC9D36 /* SURegisterViewController.swift */ = {isa = PBXFileReference; lastKnownFileType = sourcecode.swift; path = SURegisterViewController.swift; sourceTree = "<group>"; };
		CB17279B21B1545300AC9D36 /* TPRegisterViewController.swift */ = {isa = PBXFileReference; lastKnownFileType = sourcecode.swift; path = TPRegisterViewController.swift; sourceTree = "<group>"; };
		CB17279D21B1D5C800AC9D36 /* TutorialViewController.swift */ = {isa = PBXFileReference; lastKnownFileType = sourcecode.swift; path = TutorialViewController.swift; sourceTree = "<group>"; };
		CB17279F21B1DCAA00AC9D36 /* ThirdParty.storyboard */ = {isa = PBXFileReference; lastKnownFileType = file.storyboard; path = ThirdParty.storyboard; sourceTree = "<group>"; };
		CB1727A121B1DCD100AC9D36 /* SingleUser.storyboard */ = {isa = PBXFileReference; lastKnownFileType = file.storyboard; path = SingleUser.storyboard; sourceTree = "<group>"; };
		CB1727A721B3347B00AC9D36 /* ResearchViewController.swift */ = {isa = PBXFileReference; lastKnownFileType = sourcecode.swift; path = ResearchViewController.swift; sourceTree = "<group>"; };
		CB1727AB21B3C89B00AC9D36 /* SRequest.swift */ = {isa = PBXFileReference; lastKnownFileType = sourcecode.swift; path = SRequest.swift; sourceTree = "<group>"; };
		CB1727AD21B3C8B000AC9D36 /* GRequest.swift */ = {isa = PBXFileReference; lastKnownFileType = sourcecode.swift; path = GRequest.swift; sourceTree = "<group>"; };
		CB1727AF21B3E2CD00AC9D36 /* SUViewSettings.swift */ = {isa = PBXFileReference; lastKnownFileType = sourcecode.swift; path = SUViewSettings.swift; sourceTree = "<group>"; };
		CB1727B121B3E2DF00AC9D36 /* SUEditSettings.swift */ = {isa = PBXFileReference; lastKnownFileType = sourcecode.swift; path = SUEditSettings.swift; sourceTree = "<group>"; };
		CB1727B321B3E2EF00AC9D36 /* SUSettings.swift */ = {isa = PBXFileReference; lastKnownFileType = sourcecode.swift; path = SUSettings.swift; sourceTree = "<group>"; };
		CB1727B521B3EB8200AC9D36 /* TPSettings.swift */ = {isa = PBXFileReference; lastKnownFileType = sourcecode.swift; path = TPSettings.swift; sourceTree = "<group>"; };
		CB1727B721B3EB9600AC9D36 /* TPViewSettings.swift */ = {isa = PBXFileReference; lastKnownFileType = sourcecode.swift; path = TPViewSettings.swift; sourceTree = "<group>"; };
		CB1727B921B3EBA700AC9D36 /* TPEditSettings.swift */ = {isa = PBXFileReference; lastKnownFileType = sourcecode.swift; path = TPEditSettings.swift; sourceTree = "<group>"; };
		CB1727BD21B4496800AC9D36 /* MyHealth.swift */ = {isa = PBXFileReference; lastKnownFileType = sourcecode.swift; path = MyHealth.swift; sourceTree = "<group>"; };
		CB18F00821B6F76500BBFAAD /* StorageManager.swift */ = {isa = PBXFileReference; lastKnownFileType = sourcecode.swift; path = StorageManager.swift; sourceTree = "<group>"; };
		CB80991E21C52821001E2EB8 /* RequestsController.swift */ = {isa = PBXFileReference; lastKnownFileType = sourcecode.swift; path = RequestsController.swift; sourceTree = "<group>"; };
		CB80992021C52837001E2EB8 /* MyCell.swift */ = {isa = PBXFileReference; lastKnownFileType = sourcecode.swift; path = MyCell.swift; sourceTree = "<group>"; };
		CB80992621C5A5E6001E2EB8 /* TPRequestCell.swift */ = {isa = PBXFileReference; lastKnownFileType = sourcecode.swift; path = TPRequestCell.swift; sourceTree = "<group>"; };
		CB80992821C5A601001E2EB8 /* MyHistory.swift */ = {isa = PBXFileReference; lastKnownFileType = sourcecode.swift; path = MyHistory.swift; sourceTree = "<group>"; };
		CB80992A21C5A647001E2EB8 /* TPRequestsController.swift */ = {isa = PBXFileReference; lastKnownFileType = sourcecode.swift; path = TPRequestsController.swift; sourceTree = "<group>"; };
		CB98264921C103A600932CE6 /* D4HDataUploadRequest.swift */ = {isa = PBXFileReference; lastKnownFileType = sourcecode.swift; path = D4HDataUploadRequest.swift; sourceTree = "<group>"; };
		CB98264B21C1048B00932CE6 /* dataType.swift */ = {isa = PBXFileReference; lastKnownFileType = sourcecode.swift; path = dataType.swift; sourceTree = "<group>"; };
		CB98264E21C164EC00932CE6 /* Model.xcdatamodel */ = {isa = PBXFileReference; lastKnownFileType = wrapper.xcdatamodel; path = Model.xcdatamodel; sourceTree = "<group>"; };
		CB98265021C1674A00932CE6 /* CoreData.framework */ = {isa = PBXFileReference; lastKnownFileType = wrapper.framework; name = CoreData.framework; path = System/Library/Frameworks/CoreData.framework; sourceTree = SDKROOT; };
		CB98265621C28D9E00932CE6 /* MyFollowers.swift */ = {isa = PBXFileReference; lastKnownFileType = sourcecode.swift; path = MyFollowers.swift; sourceTree = "<group>"; };
		CBADD0F721AC197E00896705 /* Data4Help.app */ = {isa = PBXFileReference; explicitFileType = wrapper.application; includeInIndex = 0; path = Data4Help.app; sourceTree = BUILT_PRODUCTS_DIR; };
		CBADD0FA21AC197E00896705 /* AppDelegate.swift */ = {isa = PBXFileReference; lastKnownFileType = sourcecode.swift; path = AppDelegate.swift; sourceTree = "<group>"; };
		CBADD0FC21AC197E00896705 /* LoginViewController.swift */ = {isa = PBXFileReference; lastKnownFileType = sourcecode.swift; path = LoginViewController.swift; sourceTree = "<group>"; };
		CBADD0FF21AC197E00896705 /* Base */ = {isa = PBXFileReference; lastKnownFileType = file.storyboard; name = Base; path = Base.lproj/Main.storyboard; sourceTree = "<group>"; };
		CBADD10121AC197F00896705 /* Assets.xcassets */ = {isa = PBXFileReference; lastKnownFileType = folder.assetcatalog; path = Assets.xcassets; sourceTree = "<group>"; };
		CBADD10421AC197F00896705 /* Base */ = {isa = PBXFileReference; lastKnownFileType = file.storyboard; name = Base; path = Base.lproj/LaunchScreen.storyboard; sourceTree = "<group>"; };
		CBADD10621AC197F00896705 /* Info.plist */ = {isa = PBXFileReference; lastKnownFileType = text.plist.xml; path = Info.plist; sourceTree = "<group>"; };
		CBADD10B21AC197F00896705 /* Data4HelpTests.xctest */ = {isa = PBXFileReference; explicitFileType = wrapper.cfbundle; includeInIndex = 0; path = Data4HelpTests.xctest; sourceTree = BUILT_PRODUCTS_DIR; };
		CBADD10F21AC197F00896705 /* Data4HelpTests.swift */ = {isa = PBXFileReference; lastKnownFileType = sourcecode.swift; path = Data4HelpTests.swift; sourceTree = "<group>"; };
		CBADD11121AC197F00896705 /* Info.plist */ = {isa = PBXFileReference; lastKnownFileType = text.plist.xml; path = Info.plist; sourceTree = "<group>"; };
		CBADD11621AC197F00896705 /* Data4HelpUITests.xctest */ = {isa = PBXFileReference; explicitFileType = wrapper.cfbundle; includeInIndex = 0; path = Data4HelpUITests.xctest; sourceTree = BUILT_PRODUCTS_DIR; };
		CBADD11A21AC197F00896705 /* Data4HelpUITests.swift */ = {isa = PBXFileReference; lastKnownFileType = sourcecode.swift; path = Data4HelpUITests.swift; sourceTree = "<group>"; };
		CBADD11C21AC198000896705 /* Info.plist */ = {isa = PBXFileReference; lastKnownFileType = text.plist.xml; path = Info.plist; sourceTree = "<group>"; };
		CBADD12821AC64A100896705 /* Data4Help.entitlements */ = {isa = PBXFileReference; lastKnownFileType = text.plist.entitlements; path = Data4Help.entitlements; sourceTree = "<group>"; };
		CBADD12A21AC64A100896705 /* HealthKit.framework */ = {isa = PBXFileReference; lastKnownFileType = wrapper.framework; name = HealthKit.framework; path = System/Library/Frameworks/HealthKit.framework; sourceTree = SDKROOT; };
		CBADD12C21AD7FFB00896705 /* DataManager.swift */ = {isa = PBXFileReference; lastKnownFileType = sourcecode.swift; path = DataManager.swift; sourceTree = "<group>"; };
		CBD7A88F21B05E24004BB382 /* D4HResponse.swift */ = {isa = PBXFileReference; lastKnownFileType = sourcecode.swift; path = D4HResponse.swift; sourceTree = "<group>"; };
		EEFCA36DA50342053E87A1E4 /* Pods-Data4Help.debug.xcconfig */ = {isa = PBXFileReference; includeInIndex = 1; lastKnownFileType = text.xcconfig; name = "Pods-Data4Help.debug.xcconfig"; path = "Pods/Target Support Files/Pods-Data4Help/Pods-Data4Help.debug.xcconfig"; sourceTree = "<group>"; };
/* End PBXFileReference section */

/* Begin PBXFrameworksBuildPhase section */
		CBADD0F421AC197E00896705 /* Frameworks */ = {
			isa = PBXFrameworksBuildPhase;
			buildActionMask = 2147483647;
			files = (
				CB98265121C1674A00932CE6 /* CoreData.framework in Frameworks */,
				CBADD12B21AC64A100896705 /* HealthKit.framework in Frameworks */,
				1D5ED11ED4C4AA86453AB757 /* Pods_Data4Help.framework in Frameworks */,
			);
			runOnlyForDeploymentPostprocessing = 0;
		};
		CBADD10821AC197F00896705 /* Frameworks */ = {
			isa = PBXFrameworksBuildPhase;
			buildActionMask = 2147483647;
			files = (
			);
			runOnlyForDeploymentPostprocessing = 0;
		};
		CBADD11321AC197F00896705 /* Frameworks */ = {
			isa = PBXFrameworksBuildPhase;
			buildActionMask = 2147483647;
			files = (
			);
			runOnlyForDeploymentPostprocessing = 0;
		};
/* End PBXFrameworksBuildPhase section */

/* Begin PBXGroup section */
		28678F8921AC1BF7004D6B9D /* Utilities */ = {
			isa = PBXGroup;
			children = (
				CB18F00821B6F76500BBFAAD /* StorageManager.swift */,
				CBADD0FA21AC197E00896705 /* AppDelegate.swift */,
				28E5568E21ADE9890009D972 /* NetworkManager.swift */,
			);
			path = Utilities;
			sourceTree = "<group>";
		};
		28678F8A21AC1C14004D6B9D /* Model */ = {
			isa = PBXGroup;
			children = (
				28E0145C21C66D22004FA60F /* Data4HelpModel */,
				CB98264D21C164EC00932CE6 /* Model.xcdatamodeld */,
				28E5569021ADF3390009D972 /* Data4Help Requests */,
				28FF1AA721C3B1E300456B4F /* Properties.swift */,
			);
			path = Model;
			sourceTree = "<group>";
		};
		28678F8B21AC1C23004D6B9D /* View */ = {
			isa = PBXGroup;
			children = (
				CBADD0FE21AC197E00896705 /* Main.storyboard */,
				CBADD10121AC197F00896705 /* Assets.xcassets */,
				CBADD10321AC197F00896705 /* LaunchScreen.storyboard */,
				CB17279F21B1DCAA00AC9D36 /* ThirdParty.storyboard */,
				CB80992021C52837001E2EB8 /* MyCell.swift */,
				CB1727A121B1DCD100AC9D36 /* SingleUser.storyboard */,
				CB80992621C5A5E6001E2EB8 /* TPRequestCell.swift */,
			);
			path = View;
			sourceTree = "<group>";
		};
		28678F8C21AC1C32004D6B9D /* Controller */ = {
			isa = PBXGroup;
			children = (
				CB1727A621B3325200AC9D36 /* HealthControllers */,
				CB1727A521B3324300AC9D36 /* TPControllers */,
				CB1727A421B3323B00AC9D36 /* SUControllers */,
				CB1727A321B3323000AC9D36 /* MainControllers */,
			);
			path = Controller;
			sourceTree = "<group>";
		};
		28D938BD21C40D2800DC7785 /* Authentication */ = {
			isa = PBXGroup;
			children = (
				28E5569521ADF5480009D972 /* D4HLoginRequest.swift */,
				28121FCD21B5A1FD00AF6CCE /* D4HSingleRegisterRequest.swift */,
				283B263421B98D9E00C939A9 /* D4HThirdPartyRegistrationRequest.swift */,
				28B67D0321C10E0500FCA356 /* D4HLogoutRequest.swift */,
			);
			path = Authentication;
			sourceTree = "<group>";
		};
		28D938BE21C40D4600DC7785 /* Settings */ = {
			isa = PBXGroup;
			children = (
				28D938BB21C40BAC00DC7785 /* D4HSingleUserSettingsRequest.swift */,
				28D938B921C3F79C00DC7785 /* D4HThirdPartySettingsRequest.swift */,
				28E0145D21C8487C004FA60F /* D4HSingleUserInfoRequest.swift */,
				28E0145F21C848F7004FA60F /* D4HThirdPartyInfoRequest.swift */,
			);
			path = Settings;
			sourceTree = "<group>";
		};
		28D938BF21C40D6E00DC7785 /* Data */ = {
			isa = PBXGroup;
			children = (
				CB98264B21C1048B00932CE6 /* dataType.swift */,
				CB98264921C103A600932CE6 /* D4HDataUploadRequest.swift */,
				28E0144A21C65C51004FA60F /* D4HStatisticsRequest.swift */,
			);
			path = Data;
			sourceTree = "<group>";
		};
		28E0143B21C566BD004FA60F /* Request */ = {
			isa = PBXGroup;
			children = (
				28E0143C21C56716004FA60F /* D4HSingleListRequest.swift */,
				28E0143E21C567EC004FA60F /* D4HThirdPartyListRequest.swift */,
				28E0144021C56865004FA60F /* D4HSingleRequest.swift */,
				28E0144221C569BB004FA60F /* D4HGroupRequest.swift */,
				28E0144421C56B20004FA60F /* D4HDownloadSingleRequest.swift */,
				28E0144621C56C24004FA60F /* D4HDownloadGroupRequest.swift */,
				28E0144821C65B84004FA60F /* D4HChoiceRequest.swift */,
			);
			path = Request;
			sourceTree = "<group>";
		};
		28E0144C21C65D0B004FA60F /* Request */ = {
			isa = PBXGroup;
			children = (
				28E0145021C65D5B004FA60F /* D4HSingleListResponse.swift */,
				28E0145421C665B4004FA60F /* D4HThirdPartyListResponse.swift */,
			);
			path = Request;
			sourceTree = "<group>";
		};
		28E0144D21C65D13004FA60F /* Data */ = {
			isa = PBXGroup;
			children = (
			);
			path = Data;
			sourceTree = "<group>";
		};
		28E0144E21C65D19004FA60F /* Settings */ = {
			isa = PBXGroup;
			children = (
				28E0146121C84968004FA60F /* D4HSingleUserInfoResponse.swift */,
				28E0146321C84A5F004FA60F /* D4HThirdPartyInfoResponse.swift */,
			);
			path = Settings;
			sourceTree = "<group>";
		};
		28E0144F21C65D24004FA60F /* Authentication */ = {
			isa = PBXGroup;
			children = (
				28E5569721ADF55A0009D972 /* D4HLoginResponse.swift */,
				28121FCF21B5A41600AF6CCE /* D4HRegisterSingleResponse.swift */,
				283B263621B98F6500C939A9 /* D4HRegisterThirdPartyResponse.swift */,
				28D938B721C3C3AB00DC7785 /* D4HLogoutResponse.swift */,
			);
			path = Authentication;
			sourceTree = "<group>";
		};
		28E0145C21C66D22004FA60F /* Data4HelpModel */ = {
			isa = PBXGroup;
			children = (
				28E0145221C6620D004FA60F /* SUSingleRequest.swift */,
				28E0145621C66756004FA60F /* TPGroupRequest.swift */,
				28E0145821C667EA004FA60F /* D4HHealthParameter.swift */,
				28E0145A21C66ACB004FA60F /* TPSingleRequest.swift */,
			);
			path = Data4HelpModel;
			sourceTree = "<group>";
		};
		28E5569021ADF3390009D972 /* Data4Help Requests */ = {
			isa = PBXGroup;
			children = (
				28E5569421ADF3BE0009D972 /* Responses */,
				28E5569321ADF3B40009D972 /* Requests */,
			);
			path = "Data4Help Requests";
			sourceTree = "<group>";
		};
		28E5569321ADF3B40009D972 /* Requests */ = {
			isa = PBXGroup;
			children = (
				28E0143B21C566BD004FA60F /* Request */,
				28D938BF21C40D6E00DC7785 /* Data */,
				28D938BE21C40D4600DC7785 /* Settings */,
				28D938BD21C40D2800DC7785 /* Authentication */,
				28E5569121ADF3AB0009D972 /* D4HRequest.swift */,
				28E5569921ADF5C60009D972 /* D4HEncodingType.swift */,
				28E5569C21ADF8870009D972 /* D4HEndpoint.swift */,
			);
			path = Requests;
			sourceTree = "<group>";
		};
		28E5569421ADF3BE0009D972 /* Responses */ = {
			isa = PBXGroup;
			children = (
				28E0144F21C65D24004FA60F /* Authentication */,
				28E0144E21C65D19004FA60F /* Settings */,
				28E0144D21C65D13004FA60F /* Data */,
				28E0144C21C65D0B004FA60F /* Request */,
				CBD7A88F21B05E24004BB382 /* D4HResponse.swift */,
			);
			path = Responses;
			sourceTree = "<group>";
		};
		CB1727A321B3323000AC9D36 /* MainControllers */ = {
			isa = PBXGroup;
			children = (
				CBADD0FC21AC197E00896705 /* LoginViewController.swift */,
				CB17279921B1543500AC9D36 /* SURegisterViewController.swift */,
				CB17279B21B1545300AC9D36 /* TPRegisterViewController.swift */,
				CB17279D21B1D5C800AC9D36 /* TutorialViewController.swift */,
			);
			path = MainControllers;
			sourceTree = "<group>";
		};
		CB1727A421B3323B00AC9D36 /* SUControllers */ = {
			isa = PBXGroup;
			children = (
				CB1727BF21B449A900AC9D36 /* SUSettings */,
				CB1727BD21B4496800AC9D36 /* MyHealth.swift */,
				CB98265621C28D9E00932CE6 /* MyFollowers.swift */,
				CB80991E21C52821001E2EB8 /* RequestsController.swift */,
			);
			path = SUControllers;
			sourceTree = "<group>";
		};
		CB1727A521B3324300AC9D36 /* TPControllers */ = {
			isa = PBXGroup;
			children = (
				CB1727BC21B3ED8000AC9D36 /* TPResearchControllers */,
				CB1727BB21B3ED7000AC9D36 /* TPSettingsControllers */,
				CB80992C21C63AE1001E2EB8 /* MyHistoryControllers */,
			);
			path = TPControllers;
			sourceTree = "<group>";
		};
		CB1727A621B3325200AC9D36 /* HealthControllers */ = {
			isa = PBXGroup;
			children = (
				CBADD12C21AD7FFB00896705 /* DataManager.swift */,
			);
			path = HealthControllers;
			sourceTree = "<group>";
		};
		CB1727BB21B3ED7000AC9D36 /* TPSettingsControllers */ = {
			isa = PBXGroup;
			children = (
				CB1727B521B3EB8200AC9D36 /* TPSettings.swift */,
				CB1727B721B3EB9600AC9D36 /* TPViewSettings.swift */,
				CB1727B921B3EBA700AC9D36 /* TPEditSettings.swift */,
			);
			path = TPSettingsControllers;
			sourceTree = "<group>";
		};
		CB1727BC21B3ED8000AC9D36 /* TPResearchControllers */ = {
			isa = PBXGroup;
			children = (
				CB1727A721B3347B00AC9D36 /* ResearchViewController.swift */,
				CB1727AB21B3C89B00AC9D36 /* SRequest.swift */,
				CB1727AD21B3C8B000AC9D36 /* GRequest.swift */,
			);
			path = TPResearchControllers;
			sourceTree = "<group>";
		};
		CB1727BF21B449A900AC9D36 /* SUSettings */ = {
			isa = PBXGroup;
			children = (
				CB1727AF21B3E2CD00AC9D36 /* SUViewSettings.swift */,
				CB1727B121B3E2DF00AC9D36 /* SUEditSettings.swift */,
				CB1727B321B3E2EF00AC9D36 /* SUSettings.swift */,
			);
			path = SUSettings;
			sourceTree = "<group>";
		};
		CB80992C21C63AE1001E2EB8 /* MyHistoryControllers */ = {
			isa = PBXGroup;
			children = (
				CB80992821C5A601001E2EB8 /* MyHistory.swift */,
				CB80992A21C5A647001E2EB8 /* TPRequestsController.swift */,
			);
			path = MyHistoryControllers;
			sourceTree = "<group>";
		};
		CBADD0EE21AC197E00896705 = {
			isa = PBXGroup;
			children = (
				CBADD0F921AC197E00896705 /* Data4Help */,
				CBADD10E21AC197F00896705 /* Data4HelpTests */,
				CBADD11921AC197F00896705 /* Data4HelpUITests */,
				CBADD0F821AC197E00896705 /* Products */,
				CBADD12921AC64A100896705 /* Frameworks */,
				FD84F7C1B2824557ABD337D8 /* Pods */,
			);
			sourceTree = "<group>";
		};
		CBADD0F821AC197E00896705 /* Products */ = {
			isa = PBXGroup;
			children = (
				CBADD0F721AC197E00896705 /* Data4Help.app */,
				CBADD10B21AC197F00896705 /* Data4HelpTests.xctest */,
				CBADD11621AC197F00896705 /* Data4HelpUITests.xctest */,
			);
			name = Products;
			sourceTree = "<group>";
		};
		CBADD0F921AC197E00896705 /* Data4Help */ = {
			isa = PBXGroup;
			children = (
				CBADD12821AC64A100896705 /* Data4Help.entitlements */,
				28678F8C21AC1C32004D6B9D /* Controller */,
				28678F8B21AC1C23004D6B9D /* View */,
				28678F8A21AC1C14004D6B9D /* Model */,
				28678F8921AC1BF7004D6B9D /* Utilities */,
				CBADD10621AC197F00896705 /* Info.plist */,
			);
			path = Data4Help;
			sourceTree = "<group>";
		};
		CBADD10E21AC197F00896705 /* Data4HelpTests */ = {
			isa = PBXGroup;
			children = (
				CBADD10F21AC197F00896705 /* Data4HelpTests.swift */,
				CBADD11121AC197F00896705 /* Info.plist */,
			);
			path = Data4HelpTests;
			sourceTree = "<group>";
		};
		CBADD11921AC197F00896705 /* Data4HelpUITests */ = {
			isa = PBXGroup;
			children = (
				CBADD11A21AC197F00896705 /* Data4HelpUITests.swift */,
				CBADD11C21AC198000896705 /* Info.plist */,
			);
			path = Data4HelpUITests;
			sourceTree = "<group>";
		};
		CBADD12921AC64A100896705 /* Frameworks */ = {
			isa = PBXGroup;
			children = (
				CB98265021C1674A00932CE6 /* CoreData.framework */,
				CBADD12A21AC64A100896705 /* HealthKit.framework */,
				6698D8B24F51E95CD50F02E1 /* Pods_Data4Help.framework */,
			);
			name = Frameworks;
			sourceTree = "<group>";
		};
		FD84F7C1B2824557ABD337D8 /* Pods */ = {
			isa = PBXGroup;
			children = (
				EEFCA36DA50342053E87A1E4 /* Pods-Data4Help.debug.xcconfig */,
				6DF053413FFA9AF08F79DE2C /* Pods-Data4Help.release.xcconfig */,
			);
			name = Pods;
			sourceTree = "<group>";
		};
/* End PBXGroup section */

/* Begin PBXNativeTarget section */
		CBADD0F621AC197E00896705 /* Data4Help */ = {
			isa = PBXNativeTarget;
			buildConfigurationList = CBADD11F21AC198000896705 /* Build configuration list for PBXNativeTarget "Data4Help" */;
			buildPhases = (
				B9D5A2EC3D9850E78E9AC4AF /* [CP] Check Pods Manifest.lock */,
				CBADD0F321AC197E00896705 /* Sources */,
				CBADD0F421AC197E00896705 /* Frameworks */,
				CBADD0F521AC197E00896705 /* Resources */,
				0B1B507D6C3F154E97A91342 /* [CP] Embed Pods Frameworks */,
			);
			buildRules = (
			);
			dependencies = (
			);
			name = Data4Help;
			productName = Data4Help;
			productReference = CBADD0F721AC197E00896705 /* Data4Help.app */;
			productType = "com.apple.product-type.application";
		};
		CBADD10A21AC197F00896705 /* Data4HelpTests */ = {
			isa = PBXNativeTarget;
			buildConfigurationList = CBADD12221AC198000896705 /* Build configuration list for PBXNativeTarget "Data4HelpTests" */;
			buildPhases = (
				CBADD10721AC197F00896705 /* Sources */,
				CBADD10821AC197F00896705 /* Frameworks */,
				CBADD10921AC197F00896705 /* Resources */,
			);
			buildRules = (
			);
			dependencies = (
				CBADD10D21AC197F00896705 /* PBXTargetDependency */,
			);
			name = Data4HelpTests;
			productName = Data4HelpTests;
			productReference = CBADD10B21AC197F00896705 /* Data4HelpTests.xctest */;
			productType = "com.apple.product-type.bundle.unit-test";
		};
		CBADD11521AC197F00896705 /* Data4HelpUITests */ = {
			isa = PBXNativeTarget;
			buildConfigurationList = CBADD12521AC198000896705 /* Build configuration list for PBXNativeTarget "Data4HelpUITests" */;
			buildPhases = (
				CBADD11221AC197F00896705 /* Sources */,
				CBADD11321AC197F00896705 /* Frameworks */,
				CBADD11421AC197F00896705 /* Resources */,
			);
			buildRules = (
			);
			dependencies = (
				CBADD11821AC197F00896705 /* PBXTargetDependency */,
			);
			name = Data4HelpUITests;
			productName = Data4HelpUITests;
			productReference = CBADD11621AC197F00896705 /* Data4HelpUITests.xctest */;
			productType = "com.apple.product-type.bundle.ui-testing";
		};
/* End PBXNativeTarget section */

/* Begin PBXProject section */
		CBADD0EF21AC197E00896705 /* Project object */ = {
			isa = PBXProject;
			attributes = {
				LastSwiftUpdateCheck = 1010;
				LastUpgradeCheck = 1010;
				ORGANIZATIONNAME = "Lorenzo Molteni Negri";
				TargetAttributes = {
					CBADD0F621AC197E00896705 = {
						CreatedOnToolsVersion = 10.1;
						SystemCapabilities = {
							com.apple.BackgroundModes = {
								enabled = 1;
							};
							com.apple.HealthKit = {
								enabled = 1;
							};
						};
					};
					CBADD10A21AC197F00896705 = {
						CreatedOnToolsVersion = 10.1;
						TestTargetID = CBADD0F621AC197E00896705;
					};
					CBADD11521AC197F00896705 = {
						CreatedOnToolsVersion = 10.1;
						TestTargetID = CBADD0F621AC197E00896705;
					};
				};
			};
			buildConfigurationList = CBADD0F221AC197E00896705 /* Build configuration list for PBXProject "Data4Help" */;
			compatibilityVersion = "Xcode 9.3";
			developmentRegion = en;
			hasScannedForEncodings = 0;
			knownRegions = (
				en,
				Base,
			);
			mainGroup = CBADD0EE21AC197E00896705;
			productRefGroup = CBADD0F821AC197E00896705 /* Products */;
			projectDirPath = "";
			projectRoot = "";
			targets = (
				CBADD0F621AC197E00896705 /* Data4Help */,
				CBADD10A21AC197F00896705 /* Data4HelpTests */,
				CBADD11521AC197F00896705 /* Data4HelpUITests */,
			);
		};
/* End PBXProject section */

/* Begin PBXResourcesBuildPhase section */
		CBADD0F521AC197E00896705 /* Resources */ = {
			isa = PBXResourcesBuildPhase;
			buildActionMask = 2147483647;
			files = (
				CBADD10521AC197F00896705 /* LaunchScreen.storyboard in Resources */,
				CB1727A021B1DCAA00AC9D36 /* ThirdParty.storyboard in Resources */,
				CB1727A221B1DCD100AC9D36 /* SingleUser.storyboard in Resources */,
				CBADD10221AC197F00896705 /* Assets.xcassets in Resources */,
				CBADD10021AC197E00896705 /* Main.storyboard in Resources */,
			);
			runOnlyForDeploymentPostprocessing = 0;
		};
		CBADD10921AC197F00896705 /* Resources */ = {
			isa = PBXResourcesBuildPhase;
			buildActionMask = 2147483647;
			files = (
			);
			runOnlyForDeploymentPostprocessing = 0;
		};
		CBADD11421AC197F00896705 /* Resources */ = {
			isa = PBXResourcesBuildPhase;
			buildActionMask = 2147483647;
			files = (
			);
			runOnlyForDeploymentPostprocessing = 0;
		};
/* End PBXResourcesBuildPhase section */

/* Begin PBXShellScriptBuildPhase section */
		0B1B507D6C3F154E97A91342 /* [CP] Embed Pods Frameworks */ = {
			isa = PBXShellScriptBuildPhase;
			buildActionMask = 2147483647;
			files = (
			);
			inputFileListPaths = (
			);
			inputPaths = (
				"${SRCROOT}/Pods/Target Support Files/Pods-Data4Help/Pods-Data4Help-frameworks.sh",
				"${BUILT_PRODUCTS_DIR}/Alamofire/Alamofire.framework",
				"${BUILT_PRODUCTS_DIR}/Charts/Charts.framework",
				"${BUILT_PRODUCTS_DIR}/SwiftyJSON/SwiftyJSON.framework",
			);
			name = "[CP] Embed Pods Frameworks";
			outputFileListPaths = (
			);
			outputPaths = (
				"${TARGET_BUILD_DIR}/${FRAMEWORKS_FOLDER_PATH}/Alamofire.framework",
				"${TARGET_BUILD_DIR}/${FRAMEWORKS_FOLDER_PATH}/Charts.framework",
				"${TARGET_BUILD_DIR}/${FRAMEWORKS_FOLDER_PATH}/SwiftyJSON.framework",
			);
			runOnlyForDeploymentPostprocessing = 0;
			shellPath = /bin/sh;
			shellScript = "\"${SRCROOT}/Pods/Target Support Files/Pods-Data4Help/Pods-Data4Help-frameworks.sh\"\n";
			showEnvVarsInLog = 0;
		};
		B9D5A2EC3D9850E78E9AC4AF /* [CP] Check Pods Manifest.lock */ = {
			isa = PBXShellScriptBuildPhase;
			buildActionMask = 2147483647;
			files = (
			);
			inputFileListPaths = (
			);
			inputPaths = (
				"${PODS_PODFILE_DIR_PATH}/Podfile.lock",
				"${PODS_ROOT}/Manifest.lock",
			);
			name = "[CP] Check Pods Manifest.lock";
			outputFileListPaths = (
			);
			outputPaths = (
				"$(DERIVED_FILE_DIR)/Pods-Data4Help-checkManifestLockResult.txt",
			);
			runOnlyForDeploymentPostprocessing = 0;
			shellPath = /bin/sh;
			shellScript = "diff \"${PODS_PODFILE_DIR_PATH}/Podfile.lock\" \"${PODS_ROOT}/Manifest.lock\" > /dev/null\nif [ $? != 0 ] ; then\n    # print error to STDERR\n    echo \"error: The sandbox is not in sync with the Podfile.lock. Run 'pod install' or update your CocoaPods installation.\" >&2\n    exit 1\nfi\n# This output is used by Xcode 'outputs' to avoid re-running this script phase.\necho \"SUCCESS\" > \"${SCRIPT_OUTPUT_FILE_0}\"\n";
			showEnvVarsInLog = 0;
		};
/* End PBXShellScriptBuildPhase section */

/* Begin PBXSourcesBuildPhase section */
		CBADD0F321AC197E00896705 /* Sources */ = {
			isa = PBXSourcesBuildPhase;
			buildActionMask = 2147483647;
			files = (
				CB18F00921B6F76500BBFAAD /* StorageManager.swift in Sources */,
				28E0145E21C8487C004FA60F /* D4HSingleUserInfoRequest.swift in Sources */,
				28E5569621ADF5480009D972 /* D4HLoginRequest.swift in Sources */,
				28D938BA21C3F79C00DC7785 /* D4HThirdPartySettingsRequest.swift in Sources */,
				CB1727B821B3EB9600AC9D36 /* TPViewSettings.swift in Sources */,
				28E0144721C56C24004FA60F /* D4HDownloadGroupRequest.swift in Sources */,
				CB80992921C5A601001E2EB8 /* MyHistory.swift in Sources */,
				28E0144521C56B20004FA60F /* D4HDownloadSingleRequest.swift in Sources */,
				CBD7A89021B05E24004BB382 /* D4HResponse.swift in Sources */,
				28E0144921C65B84004FA60F /* D4HChoiceRequest.swift in Sources */,
				28E0145921C667EA004FA60F /* D4HHealthParameter.swift in Sources */,
				CB98265721C28D9E00932CE6 /* MyFollowers.swift in Sources */,
				CB80992B21C5A647001E2EB8 /* TPRequestsController.swift in Sources */,
				CB1727B021B3E2CD00AC9D36 /* SUViewSettings.swift in Sources */,
				CB1727A821B3347B00AC9D36 /* ResearchViewController.swift in Sources */,
				28E0145321C6620D004FA60F /* SUSingleRequest.swift in Sources */,
				CB1727B621B3EB8200AC9D36 /* TPSettings.swift in Sources */,
				CB1727B221B3E2DF00AC9D36 /* SUEditSettings.swift in Sources */,
				CB98264A21C103A600932CE6 /* D4HDataUploadRequest.swift in Sources */,
				28E0143F21C567EC004FA60F /* D4HThirdPartyListRequest.swift in Sources */,
				28E5569A21ADF5C60009D972 /* D4HEncodingType.swift in Sources */,
				CB80992121C52837001E2EB8 /* MyCell.swift in Sources */,
				CB1727BA21B3EBA700AC9D36 /* TPEditSettings.swift in Sources */,
				28121FCE21B5A1FD00AF6CCE /* D4HSingleRegisterRequest.swift in Sources */,
				28E5568F21ADE9890009D972 /* NetworkManager.swift in Sources */,
				28E0145521C665B4004FA60F /* D4HThirdPartyListResponse.swift in Sources */,
				CBADD12D21AD7FFB00896705 /* DataManager.swift in Sources */,
				CB17279C21B1545300AC9D36 /* TPRegisterViewController.swift in Sources */,
				28E0146221C84968004FA60F /* D4HSingleUserInfoResponse.swift in Sources */,
				CB98264C21C1048B00932CE6 /* dataType.swift in Sources */,
				28E0145121C65D5B004FA60F /* D4HSingleListResponse.swift in Sources */,
				28E0144321C569BB004FA60F /* D4HGroupRequest.swift in Sources */,
				28121FD021B5A41600AF6CCE /* D4HRegisterSingleResponse.swift in Sources */,
				28E0143D21C56716004FA60F /* D4HSingleListRequest.swift in Sources */,
				28E0144121C56865004FA60F /* D4HSingleRequest.swift in Sources */,
				28E0144B21C65C51004FA60F /* D4HStatisticsRequest.swift in Sources */,
				28E0145721C66756004FA60F /* TPGroupRequest.swift in Sources */,
				283B263721B98F6500C939A9 /* D4HRegisterThirdPartyResponse.swift in Sources */,
				CB17279E21B1D5C800AC9D36 /* TutorialViewController.swift in Sources */,
				CBADD0FD21AC197E00896705 /* LoginViewController.swift in Sources */,
				CB1727AE21B3C8B000AC9D36 /* GRequest.swift in Sources */,
				CB1727AC21B3C89B00AC9D36 /* SRequest.swift in Sources */,
				CB1727BE21B4496800AC9D36 /* MyHealth.swift in Sources */,
				28E5569821ADF55A0009D972 /* D4HLoginResponse.swift in Sources */,
				28E5569221ADF3AB0009D972 /* D4HRequest.swift in Sources */,
				28E5569D21ADF8870009D972 /* D4HEndpoint.swift in Sources */,
				CBADD0FB21AC197E00896705 /* AppDelegate.swift in Sources */,
				CB80991F21C52821001E2EB8 /* RequestsController.swift in Sources */,
				28FF1AA821C3B1E300456B4F /* Properties.swift in Sources */,
				CB98264F21C164ED00932CE6 /* Model.xcdatamodeld in Sources */,
				CB17279A21B1543500AC9D36 /* SURegisterViewController.swift in Sources */,
				28D938B821C3C3AB00DC7785 /* D4HLogoutResponse.swift in Sources */,
				28E0146421C84A5F004FA60F /* D4HThirdPartyInfoResponse.swift in Sources */,
				283B263521B98D9E00C939A9 /* D4HThirdPartyRegistrationRequest.swift in Sources */,
				28D938BC21C40BAC00DC7785 /* D4HSingleUserSettingsRequest.swift in Sources */,
				CB1727B421B3E2EF00AC9D36 /* SUSettings.swift in Sources */,
				28B67D0421C10E0500FCA356 /* D4HLogoutRequest.swift in Sources */,
				28E0146021C848F7004FA60F /* D4HThirdPartyInfoRequest.swift in Sources */,
				CB80992721C5A5E6001E2EB8 /* TPRequestCell.swift in Sources */,
				28E0145B21C66ACB004FA60F /* TPSingleRequest.swift in Sources */,
			);
			runOnlyForDeploymentPostprocessing = 0;
		};
		CBADD10721AC197F00896705 /* Sources */ = {
			isa = PBXSourcesBuildPhase;
			buildActionMask = 2147483647;
			files = (
				CBADD11021AC197F00896705 /* Data4HelpTests.swift in Sources */,
			);
			runOnlyForDeploymentPostprocessing = 0;
		};
		CBADD11221AC197F00896705 /* Sources */ = {
			isa = PBXSourcesBuildPhase;
			buildActionMask = 2147483647;
			files = (
				CBADD11B21AC197F00896705 /* Data4HelpUITests.swift in Sources */,
			);
			runOnlyForDeploymentPostprocessing = 0;
		};
/* End PBXSourcesBuildPhase section */

/* Begin PBXTargetDependency section */
		CBADD10D21AC197F00896705 /* PBXTargetDependency */ = {
			isa = PBXTargetDependency;
			target = CBADD0F621AC197E00896705 /* Data4Help */;
			targetProxy = CBADD10C21AC197F00896705 /* PBXContainerItemProxy */;
		};
		CBADD11821AC197F00896705 /* PBXTargetDependency */ = {
			isa = PBXTargetDependency;
			target = CBADD0F621AC197E00896705 /* Data4Help */;
			targetProxy = CBADD11721AC197F00896705 /* PBXContainerItemProxy */;
		};
/* End PBXTargetDependency section */

/* Begin PBXVariantGroup section */
		CBADD0FE21AC197E00896705 /* Main.storyboard */ = {
			isa = PBXVariantGroup;
			children = (
				CBADD0FF21AC197E00896705 /* Base */,
			);
			name = Main.storyboard;
			sourceTree = "<group>";
		};
		CBADD10321AC197F00896705 /* LaunchScreen.storyboard */ = {
			isa = PBXVariantGroup;
			children = (
				CBADD10421AC197F00896705 /* Base */,
			);
			name = LaunchScreen.storyboard;
			sourceTree = "<group>";
		};
/* End PBXVariantGroup section */

/* Begin XCBuildConfiguration section */
		CBADD11D21AC198000896705 /* Debug */ = {
			isa = XCBuildConfiguration;
			buildSettings = {
				ALWAYS_SEARCH_USER_PATHS = NO;
				CLANG_ANALYZER_NONNULL = YES;
				CLANG_ANALYZER_NUMBER_OBJECT_CONVERSION = YES_AGGRESSIVE;
				CLANG_CXX_LANGUAGE_STANDARD = "gnu++14";
				CLANG_CXX_LIBRARY = "libc++";
				CLANG_ENABLE_MODULES = YES;
				CLANG_ENABLE_OBJC_ARC = YES;
				CLANG_ENABLE_OBJC_WEAK = YES;
				CLANG_WARN_BLOCK_CAPTURE_AUTORELEASING = YES;
				CLANG_WARN_BOOL_CONVERSION = YES;
				CLANG_WARN_COMMA = YES;
				CLANG_WARN_CONSTANT_CONVERSION = YES;
				CLANG_WARN_DEPRECATED_OBJC_IMPLEMENTATIONS = YES;
				CLANG_WARN_DIRECT_OBJC_ISA_USAGE = YES_ERROR;
				CLANG_WARN_DOCUMENTATION_COMMENTS = YES;
				CLANG_WARN_EMPTY_BODY = YES;
				CLANG_WARN_ENUM_CONVERSION = YES;
				CLANG_WARN_INFINITE_RECURSION = YES;
				CLANG_WARN_INT_CONVERSION = YES;
				CLANG_WARN_NON_LITERAL_NULL_CONVERSION = YES;
				CLANG_WARN_OBJC_IMPLICIT_RETAIN_SELF = YES;
				CLANG_WARN_OBJC_LITERAL_CONVERSION = YES;
				CLANG_WARN_OBJC_ROOT_CLASS = YES_ERROR;
				CLANG_WARN_RANGE_LOOP_ANALYSIS = YES;
				CLANG_WARN_STRICT_PROTOTYPES = YES;
				CLANG_WARN_SUSPICIOUS_MOVE = YES;
				CLANG_WARN_UNGUARDED_AVAILABILITY = YES_AGGRESSIVE;
				CLANG_WARN_UNREACHABLE_CODE = YES;
				CLANG_WARN__DUPLICATE_METHOD_MATCH = YES;
				CODE_SIGN_IDENTITY = "iPhone Developer";
				COPY_PHASE_STRIP = NO;
				DEBUG_INFORMATION_FORMAT = dwarf;
				ENABLE_STRICT_OBJC_MSGSEND = YES;
				ENABLE_TESTABILITY = YES;
				GCC_C_LANGUAGE_STANDARD = gnu11;
				GCC_DYNAMIC_NO_PIC = NO;
				GCC_NO_COMMON_BLOCKS = YES;
				GCC_OPTIMIZATION_LEVEL = 0;
				GCC_PREPROCESSOR_DEFINITIONS = (
					"DEBUG=1",
					"$(inherited)",
				);
				GCC_WARN_64_TO_32_BIT_CONVERSION = YES;
				GCC_WARN_ABOUT_RETURN_TYPE = YES_ERROR;
				GCC_WARN_UNDECLARED_SELECTOR = YES;
				GCC_WARN_UNINITIALIZED_AUTOS = YES_AGGRESSIVE;
				GCC_WARN_UNUSED_FUNCTION = YES;
				GCC_WARN_UNUSED_VARIABLE = YES;
				IPHONEOS_DEPLOYMENT_TARGET = 12.1;
				MTL_ENABLE_DEBUG_INFO = INCLUDE_SOURCE;
				MTL_FAST_MATH = YES;
				ONLY_ACTIVE_ARCH = YES;
				SDKROOT = iphoneos;
				SWIFT_ACTIVE_COMPILATION_CONDITIONS = DEBUG;
				SWIFT_OPTIMIZATION_LEVEL = "-Onone";
			};
			name = Debug;
		};
		CBADD11E21AC198000896705 /* Release */ = {
			isa = XCBuildConfiguration;
			buildSettings = {
				ALWAYS_SEARCH_USER_PATHS = NO;
				CLANG_ANALYZER_NONNULL = YES;
				CLANG_ANALYZER_NUMBER_OBJECT_CONVERSION = YES_AGGRESSIVE;
				CLANG_CXX_LANGUAGE_STANDARD = "gnu++14";
				CLANG_CXX_LIBRARY = "libc++";
				CLANG_ENABLE_MODULES = YES;
				CLANG_ENABLE_OBJC_ARC = YES;
				CLANG_ENABLE_OBJC_WEAK = YES;
				CLANG_WARN_BLOCK_CAPTURE_AUTORELEASING = YES;
				CLANG_WARN_BOOL_CONVERSION = YES;
				CLANG_WARN_COMMA = YES;
				CLANG_WARN_CONSTANT_CONVERSION = YES;
				CLANG_WARN_DEPRECATED_OBJC_IMPLEMENTATIONS = YES;
				CLANG_WARN_DIRECT_OBJC_ISA_USAGE = YES_ERROR;
				CLANG_WARN_DOCUMENTATION_COMMENTS = YES;
				CLANG_WARN_EMPTY_BODY = YES;
				CLANG_WARN_ENUM_CONVERSION = YES;
				CLANG_WARN_INFINITE_RECURSION = YES;
				CLANG_WARN_INT_CONVERSION = YES;
				CLANG_WARN_NON_LITERAL_NULL_CONVERSION = YES;
				CLANG_WARN_OBJC_IMPLICIT_RETAIN_SELF = YES;
				CLANG_WARN_OBJC_LITERAL_CONVERSION = YES;
				CLANG_WARN_OBJC_ROOT_CLASS = YES_ERROR;
				CLANG_WARN_RANGE_LOOP_ANALYSIS = YES;
				CLANG_WARN_STRICT_PROTOTYPES = YES;
				CLANG_WARN_SUSPICIOUS_MOVE = YES;
				CLANG_WARN_UNGUARDED_AVAILABILITY = YES_AGGRESSIVE;
				CLANG_WARN_UNREACHABLE_CODE = YES;
				CLANG_WARN__DUPLICATE_METHOD_MATCH = YES;
				CODE_SIGN_IDENTITY = "iPhone Developer";
				COPY_PHASE_STRIP = NO;
				DEBUG_INFORMATION_FORMAT = "dwarf-with-dsym";
				ENABLE_NS_ASSERTIONS = NO;
				ENABLE_STRICT_OBJC_MSGSEND = YES;
				GCC_C_LANGUAGE_STANDARD = gnu11;
				GCC_NO_COMMON_BLOCKS = YES;
				GCC_WARN_64_TO_32_BIT_CONVERSION = YES;
				GCC_WARN_ABOUT_RETURN_TYPE = YES_ERROR;
				GCC_WARN_UNDECLARED_SELECTOR = YES;
				GCC_WARN_UNINITIALIZED_AUTOS = YES_AGGRESSIVE;
				GCC_WARN_UNUSED_FUNCTION = YES;
				GCC_WARN_UNUSED_VARIABLE = YES;
				IPHONEOS_DEPLOYMENT_TARGET = 12.1;
				MTL_ENABLE_DEBUG_INFO = NO;
				MTL_FAST_MATH = YES;
				SDKROOT = iphoneos;
				SWIFT_COMPILATION_MODE = wholemodule;
				SWIFT_OPTIMIZATION_LEVEL = "-O";
				VALIDATE_PRODUCT = YES;
			};
			name = Release;
		};
		CBADD12021AC198000896705 /* Debug */ = {
			isa = XCBuildConfiguration;
			baseConfigurationReference = EEFCA36DA50342053E87A1E4 /* Pods-Data4Help.debug.xcconfig */;
			buildSettings = {
				ASSETCATALOG_COMPILER_APPICON_NAME = AppIcon;
				CODE_SIGN_ENTITLEMENTS = Data4Help/Data4Help.entitlements;
				CODE_SIGN_STYLE = Automatic;
				DEVELOPMENT_TEAM = 4UM427M684;
				INFOPLIST_FILE = Data4Help/Info.plist;
				IPHONEOS_DEPLOYMENT_TARGET = 10.1;
				LD_RUNPATH_SEARCH_PATHS = (
					"$(inherited)",
					"@executable_path/Frameworks",
				);
				PRODUCT_BUNDLE_IDENTIFIER = com.lorenzomolteninegri.Data4Help;
				PRODUCT_NAME = "$(TARGET_NAME)";
				SWIFT_VERSION = 4.2;
				TARGETED_DEVICE_FAMILY = 1;
			};
			name = Debug;
		};
		CBADD12121AC198000896705 /* Release */ = {
			isa = XCBuildConfiguration;
			baseConfigurationReference = 6DF053413FFA9AF08F79DE2C /* Pods-Data4Help.release.xcconfig */;
			buildSettings = {
				ASSETCATALOG_COMPILER_APPICON_NAME = AppIcon;
				CODE_SIGN_ENTITLEMENTS = Data4Help/Data4Help.entitlements;
				CODE_SIGN_STYLE = Automatic;
				DEVELOPMENT_TEAM = 4UM427M684;
				INFOPLIST_FILE = Data4Help/Info.plist;
				IPHONEOS_DEPLOYMENT_TARGET = 10.1;
				LD_RUNPATH_SEARCH_PATHS = (
					"$(inherited)",
					"@executable_path/Frameworks",
				);
				PRODUCT_BUNDLE_IDENTIFIER = com.lorenzomolteninegri.Data4Help;
				PRODUCT_NAME = "$(TARGET_NAME)";
				SWIFT_VERSION = 4.2;
				TARGETED_DEVICE_FAMILY = 1;
			};
			name = Release;
		};
		CBADD12321AC198000896705 /* Debug */ = {
			isa = XCBuildConfiguration;
			buildSettings = {
				ALWAYS_EMBED_SWIFT_STANDARD_LIBRARIES = YES;
				BUNDLE_LOADER = "$(TEST_HOST)";
				CODE_SIGN_STYLE = Automatic;
				INFOPLIST_FILE = Data4HelpTests/Info.plist;
				LD_RUNPATH_SEARCH_PATHS = (
					"$(inherited)",
					"@executable_path/Frameworks",
					"@loader_path/Frameworks",
				);
				PRODUCT_BUNDLE_IDENTIFIER = com.lorenzomolteninegri.Data4HelpTests;
				PRODUCT_NAME = "$(TARGET_NAME)";
				SWIFT_VERSION = 4.2;
				TARGETED_DEVICE_FAMILY = "1,2";
				TEST_HOST = "$(BUILT_PRODUCTS_DIR)/Data4Help.app/Data4Help";
			};
			name = Debug;
		};
		CBADD12421AC198000896705 /* Release */ = {
			isa = XCBuildConfiguration;
			buildSettings = {
				ALWAYS_EMBED_SWIFT_STANDARD_LIBRARIES = YES;
				BUNDLE_LOADER = "$(TEST_HOST)";
				CODE_SIGN_STYLE = Automatic;
				INFOPLIST_FILE = Data4HelpTests/Info.plist;
				LD_RUNPATH_SEARCH_PATHS = (
					"$(inherited)",
					"@executable_path/Frameworks",
					"@loader_path/Frameworks",
				);
				PRODUCT_BUNDLE_IDENTIFIER = com.lorenzomolteninegri.Data4HelpTests;
				PRODUCT_NAME = "$(TARGET_NAME)";
				SWIFT_VERSION = 4.2;
				TARGETED_DEVICE_FAMILY = "1,2";
				TEST_HOST = "$(BUILT_PRODUCTS_DIR)/Data4Help.app/Data4Help";
			};
			name = Release;
		};
		CBADD12621AC198000896705 /* Debug */ = {
			isa = XCBuildConfiguration;
			buildSettings = {
				ALWAYS_EMBED_SWIFT_STANDARD_LIBRARIES = YES;
				CODE_SIGN_STYLE = Automatic;
				INFOPLIST_FILE = Data4HelpUITests/Info.plist;
				LD_RUNPATH_SEARCH_PATHS = (
					"$(inherited)",
					"@executable_path/Frameworks",
					"@loader_path/Frameworks",
				);
				PRODUCT_BUNDLE_IDENTIFIER = com.lorenzomolteninegri.Data4HelpUITests;
				PRODUCT_NAME = "$(TARGET_NAME)";
				SWIFT_VERSION = 4.2;
				TARGETED_DEVICE_FAMILY = "1,2";
				TEST_TARGET_NAME = Data4Help;
			};
			name = Debug;
		};
		CBADD12721AC198000896705 /* Release */ = {
			isa = XCBuildConfiguration;
			buildSettings = {
				ALWAYS_EMBED_SWIFT_STANDARD_LIBRARIES = YES;
				CODE_SIGN_STYLE = Automatic;
				INFOPLIST_FILE = Data4HelpUITests/Info.plist;
				LD_RUNPATH_SEARCH_PATHS = (
					"$(inherited)",
					"@executable_path/Frameworks",
					"@loader_path/Frameworks",
				);
				PRODUCT_BUNDLE_IDENTIFIER = com.lorenzomolteninegri.Data4HelpUITests;
				PRODUCT_NAME = "$(TARGET_NAME)";
				SWIFT_VERSION = 4.2;
				TARGETED_DEVICE_FAMILY = "1,2";
				TEST_TARGET_NAME = Data4Help;
			};
			name = Release;
		};
/* End XCBuildConfiguration section */

/* Begin XCConfigurationList section */
		CBADD0F221AC197E00896705 /* Build configuration list for PBXProject "Data4Help" */ = {
			isa = XCConfigurationList;
			buildConfigurations = (
				CBADD11D21AC198000896705 /* Debug */,
				CBADD11E21AC198000896705 /* Release */,
			);
			defaultConfigurationIsVisible = 0;
			defaultConfigurationName = Release;
		};
		CBADD11F21AC198000896705 /* Build configuration list for PBXNativeTarget "Data4Help" */ = {
			isa = XCConfigurationList;
			buildConfigurations = (
				CBADD12021AC198000896705 /* Debug */,
				CBADD12121AC198000896705 /* Release */,
			);
			defaultConfigurationIsVisible = 0;
			defaultConfigurationName = Release;
		};
		CBADD12221AC198000896705 /* Build configuration list for PBXNativeTarget "Data4HelpTests" */ = {
			isa = XCConfigurationList;
			buildConfigurations = (
				CBADD12321AC198000896705 /* Debug */,
				CBADD12421AC198000896705 /* Release */,
			);
			defaultConfigurationIsVisible = 0;
			defaultConfigurationName = Release;
		};
		CBADD12521AC198000896705 /* Build configuration list for PBXNativeTarget "Data4HelpUITests" */ = {
			isa = XCConfigurationList;
			buildConfigurations = (
				CBADD12621AC198000896705 /* Debug */,
				CBADD12721AC198000896705 /* Release */,
			);
			defaultConfigurationIsVisible = 0;
			defaultConfigurationName = Release;
		};
/* End XCConfigurationList section */

/* Begin XCVersionGroup section */
		CB98264D21C164EC00932CE6 /* Model.xcdatamodeld */ = {
			isa = XCVersionGroup;
			children = (
				CB98264E21C164EC00932CE6 /* Model.xcdatamodel */,
			);
			currentVersion = CB98264E21C164EC00932CE6 /* Model.xcdatamodel */;
			path = Model.xcdatamodeld;
			sourceTree = "<group>";
			versionGroupType = wrapper.xcdatamodel;
		};
/* End XCVersionGroup section */
	};
	rootObject = CBADD0EF21AC197E00896705 /* Project object */;
}
